
Microsoft Visual Studio Solution File, Format Version 12.00
# Visual Studio 2013
VisualStudioVersion = 12.0.31101.0
MinimumVisualStudioVersion = 10.0.40219.1
Project("{FAE04EC0-301F-11D3-BF4B-00C04F79EFBC}") = "EduBlog.Models", "EduBlog.Models\EduBlog.Models.csproj", "{C895AD88-FCDD-40D7-BFB4-C30F7546B184}"
EndProject
Project("{FAE04EC0-301F-11D3-BF4B-00C04F79EFBC}") = "EduBlog.Data", "EduBlog.Data\EduBlog.Data.csproj", "{962048B7-E800-4E4F-A695-7619FC5E3317}"
EndProject
Project("{FAE04EC0-301F-11D3-BF4B-00C04F79EFBC}") = "EduBlog.Services", "EduBlog.Services\EduBlog.Services.csproj", "{C48A5D5A-A1BD-4F05-A184-A9A7CF9A341C}"
EndProject
Global
	GlobalSection(SolutionConfigurationPlatforms) = preSolution
		Debug|Any CPU = Debug|Any CPU
		Release|Any CPU = Release|Any CPU
	EndGlobalSection
	GlobalSection(ProjectConfigurationPlatforms) = postSolution
		{C895AD88-FCDD-40D7-BFB4-C30F7546B184}.Debug|Any CPU.ActiveCfg = Debug|Any CPU
		{C895AD88-FCDD-40D7-BFB4-C30F7546B184}.Debug|Any CPU.Build.0 = Debug|Any CPU
		{C895AD88-FCDD-40D7-BFB4-C30F7546B184}.Release|Any CPU.ActiveCfg = Release|Any CPU
		{C895AD88-FCDD-40D7-BFB4-C30F7546B184}.Release|Any CPU.Build.0 = Release|Any CPU
		{962048B7-E800-4E4F-A695-7619FC5E3317}.Debug|Any CPU.ActiveCfg = Debug|Any CPU
		{962048B7-E800-4E4F-A695-7619FC5E3317}.Debug|Any CPU.Build.0 = Debug|Any CPU
		{962048B7-E800-4E4F-A695-7619FC5E3317}.Release|Any CPU.ActiveCfg = Release|Any CPU
		{962048B7-E800-4E4F-A695-7619FC5E3317}.Release|Any CPU.Build.0 = Release|Any CPU
		{C48A5D5A-A1BD-4F05-A184-A9A7CF9A341C}.Debug|Any CPU.ActiveCfg = Debug|Any CPU
		{C48A5D5A-A1BD-4F05-A184-A9A7CF9A341C}.Debug|Any CPU.Build.0 = Debug|Any CPU
		{C48A5D5A-A1BD-4F05-A184-A9A7CF9A341C}.Release|Any CPU.ActiveCfg = Release|Any CPU
		{C48A5D5A-A1BD-4F05-A184-A9A7CF9A341C}.Release|Any CPU.Build.0 = Release|Any CPU
	EndGlobalSection
	GlobalSection(SolutionProperties) = preSolution
		HideSolutionNode = FALSE
	EndGlobalSection
EndGlobal
